
Microsoft Visual Studio Solution File, Format Version 12.00
# Visual Studio Version 16
VisualStudioVersion = 16.0.30104.148
MinimumVisualStudioVersion = 10.0.40219.1
Project("{FAE04EC0-301F-11D3-BF4B-00C04F79EFBC}") = "Matrices", "Matrices\Matrices.csproj", "{072790A9-B769-4C7A-A726-F78C746EACA3}"
EndProject
Global
	GlobalSection(SolutionConfigurationPlatforms) = preSolution
		Debug|Any CPU = Debug|Any CPU
		Release|Any CPU = Release|Any CPU
	EndGlobalSection
	GlobalSection(ProjectConfigurationPlatforms) = postSolution
		{072790A9-B769-4C7A-A726-F78C746EACA3}.Debug|Any CPU.ActiveCfg = Debug|Any CPU
		{072790A9-B769-4C7A-A726-F78C746EACA3}.Debug|Any CPU.Build.0 = Debug|Any CPU
		{072790A9-B769-4C7A-A726-F78C746EACA3}.Release|Any CPU.ActiveCfg = Release|Any CPU
		{072790A9-B769-4C7A-A726-F78C746EACA3}.Release|Any CPU.Build.0 = Release|Any CPU
	EndGlobalSection
	GlobalSection(SolutionProperties) = preSolution
		HideSolutionNode = FALSE
	EndGlobalSection
	GlobalSection(ExtensibilityGlobals) = postSolution
		SolutionGuid = {38AF7636-2CC6-4436-8E8E-A98A3835AB5A}
	EndGlobalSection
EndGlobal
